
Microsoft Visual Studio Solution File, Format Version 12.00
# Visual Studio Version 16
VisualStudioVersion = 16.0.29613.14
MinimumVisualStudioVersion = 10.0.40219.1
Project("{9A19103F-16F7-4668-BE54-9A1E7A4F7556}") = "ParkingAndSickLeaveApp", "ParkingAndSickLeaveApp\ParkingAndSickLeaveApp.csproj", "{9C472D66-AD9A-49FC-81FE-E32169563315}"
EndProject
Project("{E53339B2-1760-4266-BCC7-CA923CBCF16C}") = "docker-compose", "docker-compose.dcproj", "{BE078FC7-02D3-467F-B326-58312A05B097}"
EndProject
Global
	GlobalSection(SolutionConfigurationPlatforms) = preSolution
		Debug|Any CPU = Debug|Any CPU
		Release|Any CPU = Release|Any CPU
	EndGlobalSection
	GlobalSection(ProjectConfigurationPlatforms) = postSolution
		{9C472D66-AD9A-49FC-81FE-E32169563315}.Debug|Any CPU.ActiveCfg = Debug|Any CPU
		{9C472D66-AD9A-49FC-81FE-E32169563315}.Debug|Any CPU.Build.0 = Debug|Any CPU
		{9C472D66-AD9A-49FC-81FE-E32169563315}.Release|Any CPU.ActiveCfg = Release|Any CPU
		{9C472D66-AD9A-49FC-81FE-E32169563315}.Release|Any CPU.Build.0 = Release|Any CPU
		{BE078FC7-02D3-467F-B326-58312A05B097}.Debug|Any CPU.ActiveCfg = Debug|Any CPU
		{BE078FC7-02D3-467F-B326-58312A05B097}.Debug|Any CPU.Build.0 = Debug|Any CPU
		{BE078FC7-02D3-467F-B326-58312A05B097}.Release|Any CPU.ActiveCfg = Release|Any CPU
		{BE078FC7-02D3-467F-B326-58312A05B097}.Release|Any CPU.Build.0 = Release|Any CPU
	EndGlobalSection
	GlobalSection(SolutionProperties) = preSolution
		HideSolutionNode = FALSE
	EndGlobalSection
	GlobalSection(ExtensibilityGlobals) = postSolution
		SolutionGuid = {3FCD2D25-9EEB-4EB3-AAB3-5A0B88E237E4}
	EndGlobalSection
EndGlobal
