
Microsoft Visual Studio Solution File, Format Version 12.00
# Visual Studio Version 16
VisualStudioVersion = 16.0.29613.14
MinimumVisualStudioVersion = 10.0.40219.1
Project("{FAE04EC0-301F-11D3-BF4B-00C04F79EFBC}") = "ParkingAndSickLeaveApp", "ParkingAndSickLeaveApp\ParkingAndSickLeaveApp.csproj", "{9C472D66-AD9A-49FC-81FE-E32169563315}"
EndProject
Global
	GlobalSection(SolutionConfigurationPlatforms) = preSolution
		Debug|Any CPU = Debug|Any CPU
		Release|Any CPU = Release|Any CPU
	EndGlobalSection
	GlobalSection(ProjectConfigurationPlatforms) = postSolution
		{9C472D66-AD9A-49FC-81FE-E32169563315}.Debug|Any CPU.ActiveCfg = Debug|Any CPU
		{9C472D66-AD9A-49FC-81FE-E32169563315}.Debug|Any CPU.Build.0 = Debug|Any CPU
		{9C472D66-AD9A-49FC-81FE-E32169563315}.Release|Any CPU.ActiveCfg = Release|Any CPU
		{9C472D66-AD9A-49FC-81FE-E32169563315}.Release|Any CPU.Build.0 = Release|Any CPU
	EndGlobalSection
	GlobalSection(SolutionProperties) = preSolution
		HideSolutionNode = FALSE
	EndGlobalSection
	GlobalSection(ExtensibilityGlobals) = postSolution
		SolutionGuid = {3FCD2D25-9EEB-4EB3-AAB3-5A0B88E237E4}
	EndGlobalSection
EndGlobal
